# This file was autogenerated by Stack.
# You should not edit this file by hand.
# For more information, please see the documentation at:
#   https://docs.haskellstack.org/en/stable/lock_files

packages:
- completed:
    hackage: hspec-2.11.4@sha256:424280c999a5815758c9cfbd2c4ff3df7650027b53ef4aacb40966f4c78443e0,1714
    pantry-tree:
      sha256: bbce6bab076d1973f9b108b7e8f0929e63ac3072a4df831439b4e57298a57e30
      size: 584
  original:
    hackage: hspec-2.11.4
- completed:
    hackage: hspec-core-2.11.4@sha256:1d996912bfb66b0b5ba236ab72d5f66a1573fe8d00becd3c8825c5d9692709c7,6765
    pantry-tree:
      sha256: 8560d1ffd1a9202b75cf850ae741abc7cda57cbfe943662f16a62ad83a263343
      size: 6230
  original:
    hackage: hspec-core-2.11.4
- completed:
    hackage: hspec-discover-2.11.4@sha256:5014056bf2ba6d9f4fff4367660b380bff7551363d487982e6753ec5dc1c25d9,2169
    pantry-tree:
      sha256: f73db9792a59e3109947417dc3e3aeee8fa267f001a2b737a199ad31ce0209f1
      size: 829
  original:
    hackage: hspec-discover-2.11.4
- completed:
    hackage: hspec-expectations-0.8.4@sha256:4237f094a7931202ff57ac6475542b0b314b50a7024550e2b6eb87cfb0d4ff93,1702
    pantry-tree:
      sha256: 87681840d430b84686f83f1ab8b5873b09c349775698665233443914acf9ba2b
      size: 741
  original:
    hackage: hspec-expectations-0.8.4
- completed:
    hackage: HUnit-1.6.2.0@sha256:1a79174e8af616117ad39464cac9de205ca923da6582825e97c10786fda933a4,1588
    pantry-tree:
      sha256: 4f20a5a33866171260d0ee1e256c27f53cc84d37a68d498c3e12347f4e3d05b4
      size: 878
  original:
    hackage: HUnit-1.6.2.0
- completed:
    hackage: call-stack-0.4.0@sha256:ac44d2c00931dc20b01750da8c92ec443eb63a7231e8550188cb2ac2385f7feb,1200
    pantry-tree:
      sha256: 04134fa69cdd824b4e4bb7f77e7173e0705f27deabdbbf99549c549400191e1e
      size: 501
  original:
    hackage: call-stack-0.4.0
- completed:
    hackage: ansi-terminal-1.0@sha256:640ffecfd95471388d939fcacb57bdc0cef15f0457746c234a12cdd5a6c6d1e8,2706
    pantry-tree:
      sha256: d2028688664a01877fcbf4a7dc820574bec07f17393e570a98c00c49cd28d5cf
      size: 1061
  original:
    hackage: ansi-terminal-1.0
- completed:
    hackage: ansi-terminal-types-0.11.5@sha256:f78440dfd95c4509e88855ac7cc2d9566ddf956a92c1290404cac93ad1a1b00a,1482
    pantry-tree:
      sha256: 0a03e697837c4fae43543f3be0fcf9d88157ba637fbd1b656fc8bf79b1656a14
      size: 291
  original:
    hackage: ansi-terminal-types-0.11.5
- completed:
    hackage: colour-2.3.6@sha256:ebdcbf15023958838a527e381ab3c3b1e99ed12d1b25efeb7feaa4ad8c37664a,2378
    pantry-tree:
      sha256: 03f8e22f364deb86098dbfbe0bf83c896437b2355f139abdac0402658fb6ac7e
      size: 1183
  original:
    hackage: colour-2.3.6
- completed:
    hackage: tf-random-0.5@sha256:14012837d0f0e18fdbbe3d56e67da8622ee5e20b180abce952dd50bd9f36b326,3983
    pantry-tree:
      sha256: d6483580cfea846cbf23ff1d7a67849546d5096425b6d61318a34554043b4ffb
      size: 941
  original:
    hackage: tf-random-0.5
- completed:
    hackage: primitive-0.8.0.0@sha256:d0ff45fa6e61f92af23611ceb8b9a6a04c236b50fb70c60e2ed3bfa532703670,3241
    pantry-tree:
      sha256: 3cd206dde51c1589698d8e4a501887e0d6954900e9082b31ac013f09a58fd84f
      size: 1721
  original:
    hackage: primitive-0.8.0.0
- completed:
    hackage: haskell-lexer-1.1.1@sha256:4ce310678b7e56b51acb558c0233d2f71a3f3553f8a88e9b48c0bc68301f799b,1296
    pantry-tree:
      sha256: 3aee632065f6299466efeb01bf2622b75617a2c55872f8da5a7bc0aff1fc8b88
      size: 588
  original:
    hackage: haskell-lexer-1.1.1
- completed:
    hackage: quickcheck-io-0.2.0@sha256:7bf0b68fb90873825eb2e5e958c1b76126dcf984debb998e81673e6d837e0b2d,1133
    pantry-tree:
      sha256: afaa27fbf8b35aa7ce174abd9c59a84a12fd7f3d08300c3280b22c1d204f11ca
      size: 223
  original:
    hackage: quickcheck-io-0.2.0
- completed:
    hackage: QuickCheck-2.14.3@sha256:f03d2f404d5ba465453d0fbc1944832789a759fe7c4f9bf8616bc1378a02fde4,7847
    pantry-tree:
      sha256: e920d61bcc10ef2aee0cc3e2a216d05b8491564ad27c1c5e2fbbb221b00b7f8e
      size: 2315
  original:
    hackage: QuickCheck-2.14.3
- completed:
    hackage: random-1.2.1.1@sha256:dea1f11e5569332dc6c8efaad1cb301016a5587b6754943a49f9de08ae0e56d9,6541
    pantry-tree:
      sha256: 646ee77fe01178837ee928b61ae8653dcf190e9b5353ebebd094079c77a18b76
      size: 1528
  original:
    hackage: random-1.2.1.1
- completed:
    hackage: splitmix-0.1.0.4@sha256:db25c2e17967aa6b6046ab8b1b96ba3f344ca59a62b60fb6113d51ea305a3d8e,6537
    pantry-tree:
      sha256: d0ee67a1005ff3b666d3edce14e0b1f9ff966de7d090f6340fd436d958293839
      size: 1519
  original:
    hackage: splitmix-0.1.0.4
- completed:
    hackage: simplex-method-0.1.0.0@sha256:308cb0b129e5475df1250e6666c58571f2161276d0b9f29ed8171524ba67591c,1462
    pantry-tree:
      sha256: 873f65871922e7a8fb9663339b7cb2fe210f4761da192deb4e12e72e877e554d
      size: 651
  original:
    hackage: simplex-method-0.1.0.0
- completed:
    hackage: parsec-3.1.16.1@sha256:5769242043b01bf759b07b7efedcb19607837ee79015fcddde34645664136aed,4691
    pantry-tree:
      sha256: aee875443fc603500dcfcb5bea5c116ebcb990037abcf17e8d7020e493a51476
      size: 2698
  original:
    hackage: parsec-3.1.16.1
- completed:
    hackage: mtl-2.3.1@sha256:5377696d7315e2ef31a8d15d67b22d733c20cac2caf8b26756ff8524c8217e6d,1868
    pantry-tree:
      sha256: ac3cf1dc9ef397512d4bf8f2c3fbe4d64fb8aabd253288b34bf86c09ae234d4f
      size: 1853
  original:
    hackage: mtl-2.3.1
- completed:
    commit: d5d68d5980f53c4c30e1d68877ecffdb5daeaa93
    git: https://github.com/Verification-for-Security/hrubric.git
    name: hrubric
    pantry-tree:
      sha256: b991e2c06323b6154fe56b8c6ddd7a67b2c82a6b8e85c9a6e7f41f73eb1931e5
      size: 516
    version: 0.1.0.0
  original:
    commit: d5d68d5980f53c4c30e1d68877ecffdb5daeaa93
    git: https://github.com/Verification-for-Security/hrubric.git
- completed:
    commit: 0b8fb106b0f6328e44efd6c6ad212d9b73bb65a4
    git: https://github.com/Verification-for-Security/emit-grade.git
    name: emit-grade
    pantry-tree:
      sha256: 4d37faf831de65566bf3dc333aa1b4375cde4b4c8453c20d903bcfd63a998902
      size: 566
    version: 0.1.0.0
  original:
    commit: 0b8fb106b0f6328e44efd6c6ad212d9b73bb65a4
    git: https://github.com/Verification-for-Security/emit-grade.git
snapshots: []
